
Microsoft Visual Studio Solution File, Format Version 12.00
# Visual Studio Version 17
VisualStudioVersion = 17.8.34330.188
MinimumVisualStudioVersion = 10.0.40219.1
Project("{9A19103F-16F7-4668-BE54-9A1E7A4F7556}") = "GlimpseHub", "GlimpseHub.csproj", "{3B782171-ABD1-4D1E-B2F1-7F81AF7B1F8C}"
EndProject
Global
	GlobalSection(SolutionConfigurationPlatforms) = preSolution
		Debug|Any CPU = Debug|Any CPU
		Release|Any CPU = Release|Any CPU
	EndGlobalSection
	GlobalSection(ProjectConfigurationPlatforms) = postSolution
		{3B782171-ABD1-4D1E-B2F1-7F81AF7B1F8C}.Debug|Any CPU.ActiveCfg = Debug|Any CPU
		{3B782171-ABD1-4D1E-B2F1-7F81AF7B1F8C}.Debug|Any CPU.Build.0 = Debug|Any CPU
		{3B782171-ABD1-4D1E-B2F1-7F81AF7B1F8C}.Release|Any CPU.ActiveCfg = Release|Any CPU
		{3B782171-ABD1-4D1E-B2F1-7F81AF7B1F8C}.Release|Any CPU.Build.0 = Release|Any CPU
	EndGlobalSection
	GlobalSection(SolutionProperties) = preSolution
		HideSolutionNode = FALSE
	EndGlobalSection
	GlobalSection(ExtensibilityGlobals) = postSolution
		SolutionGuid = {285E4590-AD28-443A-A2B3-61D30EB7ACFF}
	EndGlobalSection
EndGlobal
